{
  "version": 4,
  "terraform_version": "0.12.20",
  "serial": 14,
  "lineage": "6ee8c5ae-13fe-327e-a83f-5504b6c0a385",
  "outputs": {},
  "resources": [
    {
      "mode": "data",
      "type": "google_storage_project_service_account",
      "name": "gcs_account",
      "provider": "provider.google",
      "instances": [
        {
          "schema_version": 0,
          "attributes": {
            "email_address": "service-309439682407@gs-project-accounts.iam.gserviceaccount.com",
            "id": "service-309439682407@gs-project-accounts.iam.gserviceaccount.com",
            "project": "my-demo-project-267014",
            "user_project": null
          }
        }
      ]
    },
    {
      "mode": "managed",
      "type": "google_cloud_run_service",
      "name": "run",
      "provider": "provider.google-beta",
      "instances": [
        {
          "status": "tainted",
          "schema_version": 0,
          "attributes": {
            "id": "locations/europe-west1/namespaces/my-demo-project-267014/services/storage-events",
            "location": "europe-west1",
            "metadata": [
              {
                "annotations": {},
                "generation": 0,
                "labels": {},
                "namespace": "my-demo-project-267014",
                "resource_version": "",
                "self_link": "",
                "uid": ""
              }
            ],
            "name": "storage-events",
            "project": "my-demo-project-267014",
            "status": null,
            "template": [
              {
                "metadata": [],
                "spec": [
                  {
                    "container_concurrency": 0,
                    "containers": [
                      {
                        "args": null,
                        "command": null,
                        "env": [],
                        "env_from": [],
                        "image": "gcr.io/my-demo-project-267014/storage-events",
                        "resources": [],
                        "working_dir": ""
                      }
                    ],
                    "service_account_name": "project-sr-account@my-demo-project-267014.iam.gserviceaccount.com",
                    "serving_state": ""
                  }
                ]
              }
            ],
            "timeouts": null,
            "traffic": null
          },
          "private": "eyJlMmJmYjczMC1lY2FhLTExZTYtOGY4OC0zNDM2M2JjN2M0YzAiOnsiY3JlYXRlIjozNjAwMDAwMDAwMDAsImRlbGV0ZSI6MjQwMDAwMDAwMDAwLCJ1cGRhdGUiOjM2MDAwMDAwMDAwMH19",
          "dependencies": [
            "google_service_account.sr-account"
          ]
        }
      ]
    },
    {
      "mode": "managed",
      "type": "google_project_iam_binding",
      "name": "sr-account",
      "provider": "provider.google",
      "instances": [
        {
          "schema_version": 0,
          "attributes": {
            "etag": "BwWdsliTg/s=",
            "id": "my-demo-project-267014/roles/iam.serviceAccountAdmin",
            "members": [
              "serviceAccount:project-sr-account@my-demo-project-267014.iam.gserviceaccount.com"
            ],
            "project": "my-demo-project-267014",
            "role": "roles/iam.serviceAccountAdmin"
          },
          "private": "bnVsbA==",
          "dependencies": [
            "google_service_account.sr-account"
          ]
        }
      ]
    },
    {
      "mode": "managed",
      "type": "google_project_iam_member",
      "name": "storage_events_cloudrun",
      "each": "map",
      "provider": "provider.google",
      "instances": [
        {
          "index_key": "roles/iam.serviceAccountTokenCreator",
          "schema_version": 0,
          "attributes": {
            "etag": "BwWdsliTg/s=",
            "id": "my-demo-project-267014/roles/iam.serviceAccountTokenCreator/serviceaccount:project-sr-account@my-demo-project-267014.iam.gserviceaccount.com",
            "member": "serviceAccount:project-sr-account@my-demo-project-267014.iam.gserviceaccount.com",
            "project": "my-demo-project-267014",
            "role": "roles/iam.serviceAccountTokenCreator"
          },
          "private": "bnVsbA==",
          "dependencies": [
            "google_service_account.sr-account"
          ]
        },
        {
          "index_key": "roles/logging.logWriter",
          "schema_version": 0,
          "attributes": {
            "etag": "BwWdsliTg/s=",
            "id": "my-demo-project-267014/roles/logging.logWriter/serviceaccount:project-sr-account@my-demo-project-267014.iam.gserviceaccount.com",
            "member": "serviceAccount:project-sr-account@my-demo-project-267014.iam.gserviceaccount.com",
            "project": "my-demo-project-267014",
            "role": "roles/logging.logWriter"
          },
          "private": "bnVsbA==",
          "dependencies": [
            "google_service_account.sr-account"
          ]
        },
        {
          "index_key": "roles/pubsub.publisher",
          "schema_version": 0,
          "attributes": {
            "etag": "BwWdsliTg/s=",
            "id": "my-demo-project-267014/roles/pubsub.publisher/serviceaccount:project-sr-account@my-demo-project-267014.iam.gserviceaccount.com",
            "member": "serviceAccount:project-sr-account@my-demo-project-267014.iam.gserviceaccount.com",
            "project": "my-demo-project-267014",
            "role": "roles/pubsub.publisher"
          },
          "private": "bnVsbA==",
          "dependencies": [
            "google_service_account.sr-account"
          ]
        },
        {
          "index_key": "roles/run.invoker",
          "schema_version": 0,
          "attributes": {
            "etag": "BwWdsliTg/s=",
            "id": "my-demo-project-267014/roles/run.invoker/serviceaccount:project-sr-account@my-demo-project-267014.iam.gserviceaccount.com",
            "member": "serviceAccount:project-sr-account@my-demo-project-267014.iam.gserviceaccount.com",
            "project": "my-demo-project-267014",
            "role": "roles/run.invoker"
          },
          "private": "bnVsbA==",
          "dependencies": [
            "google_service_account.sr-account"
          ]
        },
        {
          "index_key": "roles/storage.objectAdmin",
          "schema_version": 0,
          "attributes": {
            "etag": "BwWdsliTg/s=",
            "id": "my-demo-project-267014/roles/storage.objectAdmin/serviceaccount:project-sr-account@my-demo-project-267014.iam.gserviceaccount.com",
            "member": "serviceAccount:project-sr-account@my-demo-project-267014.iam.gserviceaccount.com",
            "project": "my-demo-project-267014",
            "role": "roles/storage.objectAdmin"
          },
          "private": "bnVsbA==",
          "dependencies": [
            "google_service_account.sr-account"
          ]
        }
      ]
    },
    {
      "mode": "managed",
      "type": "google_pubsub_subscription",
      "name": "push",
      "provider": "provider.google",
      "instances": []
    },
    {
      "mode": "managed",
      "type": "google_pubsub_topic",
      "name": "storage_events",
      "provider": "provider.google",
      "instances": [
        {
          "schema_version": 0,
          "attributes": {
            "id": "projects/my-demo-project-267014/topics/storage-events",
            "kms_key_name": "",
            "labels": null,
            "message_storage_policy": [],
            "name": "storage-events",
            "project": "my-demo-project-267014",
            "timeouts": null
          },
          "private": "eyJlMmJmYjczMC1lY2FhLTExZTYtOGY4OC0zNDM2M2JjN2M0YzAiOnsiY3JlYXRlIjoyNDAwMDAwMDAwMDAsImRlbGV0ZSI6MjQwMDAwMDAwMDAwLCJ1cGRhdGUiOjI0MDAwMDAwMDAwMH19"
        }
      ]
    },
    {
      "mode": "managed",
      "type": "google_pubsub_topic_iam_binding",
      "name": "binding",
      "provider": "provider.google",
      "instances": [
        {
          "schema_version": 0,
          "attributes": {
            "etag": "BwWdsliwU1E=",
            "id": "projects/my-demo-project-267014/topics/storage-events/roles/pubsub.publisher",
            "members": [
              "serviceAccount:service-309439682407@gs-project-accounts.iam.gserviceaccount.com"
            ],
            "project": "my-demo-project-267014",
            "role": "roles/pubsub.publisher",
            "topic": "projects/my-demo-project-267014/topics/storage-events"
          },
          "private": "bnVsbA==",
          "dependencies": [
            "google_pubsub_topic.storage_events"
          ]
        }
      ]
    },
    {
      "mode": "managed",
      "type": "google_pubsub_topic_iam_binding",
      "name": "editor",
      "provider": "provider.google",
      "instances": [
        {
          "schema_version": 0,
          "attributes": {
            "etag": "BwWdsliwU1E=",
            "id": "projects/my-demo-project-267014/topics/storage-events/roles/viewer",
            "members": [
              "serviceAccount:project-sr-account@my-demo-project-267014.iam.gserviceaccount.com"
            ],
            "project": "my-demo-project-267014",
            "role": "roles/viewer",
            "topic": "projects/my-demo-project-267014/topics/storage-events"
          },
          "private": "bnVsbA==",
          "dependencies": [
            "google_pubsub_topic.storage_events",
            "google_service_account.sr-account"
          ]
        }
      ]
    },
    {
      "mode": "managed",
      "type": "google_service_account",
      "name": "sr-account",
      "provider": "provider.google",
      "instances": [
        {
          "schema_version": 0,
          "attributes": {
            "account_id": "project-sr-account",
            "description": "",
            "display_name": "Service Account",
            "email": "project-sr-account@my-demo-project-267014.iam.gserviceaccount.com",
            "id": "projects/my-demo-project-267014/serviceAccounts/project-sr-account@my-demo-project-267014.iam.gserviceaccount.com",
            "name": "projects/my-demo-project-267014/serviceAccounts/project-sr-account@my-demo-project-267014.iam.gserviceaccount.com",
            "project": "my-demo-project-267014",
            "unique_id": "115426301975623600332"
          },
          "private": "bnVsbA=="
        }
      ]
    },
    {
      "mode": "managed",
      "type": "google_storage_bucket",
      "name": "main-bucket",
      "provider": "provider.google",
      "instances": [
        {
          "schema_version": 0,
          "attributes": {
            "bucket_policy_only": false,
            "cors": [],
            "default_event_based_hold": false,
            "encryption": [],
            "force_destroy": true,
            "id": "my-demo-project-267014-main-bucket",
            "labels": null,
            "lifecycle_rule": [],
            "location": "EU",
            "logging": [],
            "name": "my-demo-project-267014-main-bucket",
            "project": "my-demo-project-267014",
            "requester_pays": false,
            "retention_policy": [],
            "self_link": "https://www.googleapis.com/storage/v1/b/my-demo-project-267014-main-bucket",
            "storage_class": "MULTI_REGIONAL",
            "url": "gs://my-demo-project-267014-main-bucket",
            "versioning": [
              {
                "enabled": false
              }
            ],
            "website": []
          },
          "private": "bnVsbA=="
        }
      ]
    },
    {
      "mode": "managed",
      "type": "google_storage_bucket",
      "name": "second-bucket",
      "provider": "provider.google",
      "instances": [
        {
          "schema_version": 0,
          "attributes": {
            "bucket_policy_only": false,
            "cors": [],
            "default_event_based_hold": false,
            "encryption": [],
            "force_destroy": true,
            "id": "my-demo-project-267014-second-bucket",
            "labels": null,
            "lifecycle_rule": [],
            "location": "EU",
            "logging": [],
            "name": "my-demo-project-267014-second-bucket",
            "project": "my-demo-project-267014",
            "requester_pays": false,
            "retention_policy": [],
            "self_link": "https://www.googleapis.com/storage/v1/b/my-demo-project-267014-second-bucket",
            "storage_class": "MULTI_REGIONAL",
            "url": "gs://my-demo-project-267014-second-bucket",
            "versioning": [
              {
                "enabled": false
              }
            ],
            "website": []
          },
          "private": "bnVsbA=="
        }
      ]
    },
    {
      "mode": "managed",
      "type": "google_storage_notification",
      "name": "notification",
      "provider": "provider.google",
      "instances": [
        {
          "schema_version": 0,
          "attributes": {
            "bucket": "my-demo-project-267014-main-bucket",
            "custom_attributes": null,
            "event_types": [
              "OBJECT_DELETE",
              "OBJECT_FINALIZE"
            ],
            "id": "my-demo-project-267014-main-bucket/notificationConfigs/1",
            "notification_id": "1",
            "object_name_prefix": "",
            "payload_format": "JSON_API_V1",
            "self_link": "https://www.googleapis.com/storage/v1/b/my-demo-project-267014-main-bucket/notificationConfigs/1",
            "topic": "//pubsub.googleapis.com/projects/my-demo-project-267014/topics/storage-events"
          },
          "private": "bnVsbA==",
          "dependencies": [
            "google_pubsub_topic.storage_events",
            "google_pubsub_topic_iam_binding.binding"
          ]
        }
      ]
    }
  ]
}
